
Microsoft Visual Studio Solution File, Format Version 12.00
# Visual Studio 2017
Project("{FAE04EC0-301F-11D3-BF4B-00C04F79EFBC}") = "SpatialUnderstandingSample", "SpatialUnderstandingSample.csproj", "{00D0B534-32A6-41FD-42E2-FF5875AFD00E}"
EndProject
Project("{FAE04EC0-301F-11D3-BF4B-00C04F79EFBC}") = "SpatialUnderstandingSample.Editor", "SpatialUnderstandingSample.Editor.csproj", "{32A1FAD5-8F53-A3DD-035C-FDFFC84F2578}"
EndProject
Global
	GlobalSection(SolutionConfigurationPlatforms) = preSolution
		Debug|Any CPU = Debug|Any CPU
		Release|Any CPU = Release|Any CPU
	EndGlobalSection
	GlobalSection(ProjectConfigurationPlatforms) = postSolution
		{00D0B534-32A6-41FD-42E2-FF5875AFD00E}.Debug|Any CPU.ActiveCfg = Debug|Any CPU
		{00D0B534-32A6-41FD-42E2-FF5875AFD00E}.Debug|Any CPU.Build.0 = Debug|Any CPU
		{00D0B534-32A6-41FD-42E2-FF5875AFD00E}.Release|Any CPU.ActiveCfg = Release|Any CPU
		{00D0B534-32A6-41FD-42E2-FF5875AFD00E}.Release|Any CPU.Build.0 = Release|Any CPU
		{32A1FAD5-8F53-A3DD-035C-FDFFC84F2578}.Debug|Any CPU.ActiveCfg = Debug|Any CPU
		{32A1FAD5-8F53-A3DD-035C-FDFFC84F2578}.Debug|Any CPU.Build.0 = Debug|Any CPU
		{32A1FAD5-8F53-A3DD-035C-FDFFC84F2578}.Release|Any CPU.ActiveCfg = Release|Any CPU
		{32A1FAD5-8F53-A3DD-035C-FDFFC84F2578}.Release|Any CPU.Build.0 = Release|Any CPU
	EndGlobalSection
	GlobalSection(SolutionProperties) = preSolution
		HideSolutionNode = FALSE
	EndGlobalSection
EndGlobal
